// !$*UTF8*$!
{
	archiveVersion = 1;
	classes = {
	};
	objectVersion = 52;
	objects = {

/* Begin PBXBuildFile section */
		4A06362926660C6900FC52FC /* DecryptView.swift in Sources */ = {isa = PBXBuildFile; fileRef = 4A06362826660C6900FC52FC /* DecryptView.swift */; };
		4A3820A6261B8C5D005D3258 /* Password.swift in Sources */ = {isa = PBXBuildFile; fileRef = 4A3820A5261B8C5D005D3258 /* Password.swift */; };
		4A3820A9261B8E08005D3258 /* PasswordView.swift in Sources */ = {isa = PBXBuildFile; fileRef = 4A3820A8261B8E08005D3258 /* PasswordView.swift */; };
		4A3820C3261E4D46005D3258 /* pass_menubarTests.swift in Sources */ = {isa = PBXBuildFile; fileRef = 4A3820C2261E4D46005D3258 /* pass_menubarTests.swift */; };
		4A3820E926202F77005D3258 /* assets in Resources */ = {isa = PBXBuildFile; fileRef = 4A3820E826202F77005D3258 /* assets */; };
		4A800B4F262C5B8600208336 /* Decrypt.swift in Sources */ = {isa = PBXBuildFile; fileRef = 4A800B4E262C5B8600208336 /* Decrypt.swift */; };
		4A8C67FE265E1E38004857D7 /* Clipboard.swift in Sources */ = {isa = PBXBuildFile; fileRef = 4A8C67FD265E1E38004857D7 /* Clipboard.swift */; };
		4A8C6800265F6E31004857D7 /* DecryptSuccessView.swift in Sources */ = {isa = PBXBuildFile; fileRef = 4A8C67FF265F6E31004857D7 /* DecryptSuccessView.swift */; };
		4AACCFD9260CBE0900A5F353 /* pass_menubarApp.swift in Sources */ = {isa = PBXBuildFile; fileRef = 4AACCFD8260CBE0900A5F353 /* pass_menubarApp.swift */; };
		4AACCFDB260CBE0900A5F353 /* ContentView.swift in Sources */ = {isa = PBXBuildFile; fileRef = 4AACCFDA260CBE0900A5F353 /* ContentView.swift */; };
		4AACCFDD260CBE0A00A5F353 /* Assets.xcassets in Resources */ = {isa = PBXBuildFile; fileRef = 4AACCFDC260CBE0A00A5F353 /* Assets.xcassets */; };
		4AACCFE0260CBE0A00A5F353 /* Preview Assets.xcassets in Resources */ = {isa = PBXBuildFile; fileRef = 4AACCFDF260CBE0A00A5F353 /* Preview Assets.xcassets */; };
		4AACCFEB260CC01600A5F353 /* StatusBarController.swift in Sources */ = {isa = PBXBuildFile; fileRef = 4AACCFEA260CC01600A5F353 /* StatusBarController.swift */; };
		4AACCFEE260CC1C100A5F353 /* Settings.swift in Sources */ = {isa = PBXBuildFile; fileRef = 4AACCFED260CC1C100A5F353 /* Settings.swift */; };
		4AACCFF2260CC6DA00A5F353 /* Files in Frameworks */ = {isa = PBXBuildFile; productRef = 4AACCFF1260CC6DA00A5F353 /* Files */; };
		4AACCFF6260CC70900A5F353 /* ObjectivePGP in Frameworks */ = {isa = PBXBuildFile; productRef = 4AACCFF5260CC70900A5F353 /* ObjectivePGP */; };
		4AACCFFA260CC78D00A5F353 /* KeychainAccess in Frameworks */ = {isa = PBXBuildFile; productRef = 4AACCFF9260CC78D00A5F353 /* KeychainAccess */; };
		4AD54B0726241C5B00EF6068 /* ViewWindowController.swift in Sources */ = {isa = PBXBuildFile; fileRef = 4AD54B0626241C5B00EF6068 /* ViewWindowController.swift */; };
		4AD54B0B2624CEB000EF6068 /* DecryptPassphraseView.swift in Sources */ = {isa = PBXBuildFile; fileRef = 4AD54B0A2624CEB000EF6068 /* DecryptPassphraseView.swift */; };
		4AD6E3D4265AF35700AFFFA7 /* Keychain.swift in Sources */ = {isa = PBXBuildFile; fileRef = 4AD6E3D3265AF35700AFFFA7 /* Keychain.swift */; };
/* End PBXBuildFile section */

/* Begin PBXContainerItemProxy section */
		4A3820C5261E4D46005D3258 /* PBXContainerItemProxy */ = {
			isa = PBXContainerItemProxy;
			containerPortal = 4AACCFCD260CBE0900A5F353 /* Project object */;
			proxyType = 1;
			remoteGlobalIDString = 4AACCFD4260CBE0900A5F353;
			remoteInfo = "pass-menubar";
		};
/* End PBXContainerItemProxy section */

/* Begin PBXFileReference section */
		4A06362826660C6900FC52FC /* DecryptView.swift */ = {isa = PBXFileReference; lastKnownFileType = sourcecode.swift; path = DecryptView.swift; sourceTree = "<group>"; };
		4A3820A5261B8C5D005D3258 /* Password.swift */ = {isa = PBXFileReference; lastKnownFileType = sourcecode.swift; path = Password.swift; sourceTree = "<group>"; };
		4A3820A8261B8E08005D3258 /* PasswordView.swift */ = {isa = PBXFileReference; lastKnownFileType = sourcecode.swift; path = PasswordView.swift; sourceTree = "<group>"; };
		4A3820C0261E4D46005D3258 /* pass-menubarTests.xctest */ = {isa = PBXFileReference; explicitFileType = wrapper.cfbundle; includeInIndex = 0; path = "pass-menubarTests.xctest"; sourceTree = BUILT_PRODUCTS_DIR; };
		4A3820C2261E4D46005D3258 /* pass_menubarTests.swift */ = {isa = PBXFileReference; lastKnownFileType = sourcecode.swift; path = pass_menubarTests.swift; sourceTree = "<group>"; };
		4A3820C4261E4D46005D3258 /* Info.plist */ = {isa = PBXFileReference; lastKnownFileType = text.plist.xml; path = Info.plist; sourceTree = "<group>"; };
		4A3820E826202F77005D3258 /* assets */ = {isa = PBXFileReference; lastKnownFileType = folder; path = assets; sourceTree = "<group>"; };
		4A800B4E262C5B8600208336 /* Decrypt.swift */ = {isa = PBXFileReference; lastKnownFileType = sourcecode.swift; path = Decrypt.swift; sourceTree = "<group>"; };
		4A8C67FD265E1E38004857D7 /* Clipboard.swift */ = {isa = PBXFileReference; lastKnownFileType = sourcecode.swift; path = Clipboard.swift; sourceTree = "<group>"; };
		4A8C67FF265F6E31004857D7 /* DecryptSuccessView.swift */ = {isa = PBXFileReference; lastKnownFileType = sourcecode.swift; path = DecryptSuccessView.swift; sourceTree = "<group>"; };
		4AACCFD5260CBE0900A5F353 /* pass-menubar.app */ = {isa = PBXFileReference; explicitFileType = wrapper.application; includeInIndex = 0; path = "pass-menubar.app"; sourceTree = BUILT_PRODUCTS_DIR; };
		4AACCFD8260CBE0900A5F353 /* pass_menubarApp.swift */ = {isa = PBXFileReference; lastKnownFileType = sourcecode.swift; path = pass_menubarApp.swift; sourceTree = "<group>"; };
		4AACCFDA260CBE0900A5F353 /* ContentView.swift */ = {isa = PBXFileReference; lastKnownFileType = sourcecode.swift; path = ContentView.swift; sourceTree = "<group>"; };
		4AACCFDC260CBE0A00A5F353 /* Assets.xcassets */ = {isa = PBXFileReference; lastKnownFileType = folder.assetcatalog; path = Assets.xcassets; sourceTree = "<group>"; };
		4AACCFDF260CBE0A00A5F353 /* Preview Assets.xcassets */ = {isa = PBXFileReference; lastKnownFileType = folder.assetcatalog; path = "Preview Assets.xcassets"; sourceTree = "<group>"; };
		4AACCFE1260CBE0A00A5F353 /* Info.plist */ = {isa = PBXFileReference; lastKnownFileType = text.plist.xml; path = Info.plist; sourceTree = "<group>"; };
		4AACCFE2260CBE0A00A5F353 /* pass_menubar.entitlements */ = {isa = PBXFileReference; lastKnownFileType = text.plist.entitlements; path = pass_menubar.entitlements; sourceTree = "<group>"; };
		4AACCFEA260CC01600A5F353 /* StatusBarController.swift */ = {isa = PBXFileReference; fileEncoding = 4; lastKnownFileType = sourcecode.swift; path = StatusBarController.swift; sourceTree = "<group>"; };
		4AACCFED260CC1C100A5F353 /* Settings.swift */ = {isa = PBXFileReference; fileEncoding = 4; lastKnownFileType = sourcecode.swift; path = Settings.swift; sourceTree = "<group>"; };
		4AD54B0626241C5B00EF6068 /* ViewWindowController.swift */ = {isa = PBXFileReference; lastKnownFileType = sourcecode.swift; path = ViewWindowController.swift; sourceTree = "<group>"; };
		4AD54B0A2624CEB000EF6068 /* DecryptPassphraseView.swift */ = {isa = PBXFileReference; lastKnownFileType = sourcecode.swift; path = DecryptPassphraseView.swift; sourceTree = "<group>"; };
		4AD6E3D3265AF35700AFFFA7 /* Keychain.swift */ = {isa = PBXFileReference; lastKnownFileType = sourcecode.swift; path = Keychain.swift; sourceTree = "<group>"; };
/* End PBXFileReference section */

/* Begin PBXFrameworksBuildPhase section */
		4A3820BD261E4D46005D3258 /* Frameworks */ = {
			isa = PBXFrameworksBuildPhase;
			buildActionMask = 2147483647;
			files = (
			);
			runOnlyForDeploymentPostprocessing = 0;
		};
		4AACCFD2260CBE0900A5F353 /* Frameworks */ = {
			isa = PBXFrameworksBuildPhase;
			buildActionMask = 2147483647;
			files = (
				4AACCFF6260CC70900A5F353 /* ObjectivePGP in Frameworks */,
				4AACCFF2260CC6DA00A5F353 /* Files in Frameworks */,
				4AACCFFA260CC78D00A5F353 /* KeychainAccess in Frameworks */,
			);
			runOnlyForDeploymentPostprocessing = 0;
		};
/* End PBXFrameworksBuildPhase section */

/* Begin PBXGroup section */
		4A3820C1261E4D46005D3258 /* pass-menubarTests */ = {
			isa = PBXGroup;
			children = (
				4A3820E826202F77005D3258 /* assets */,
				4A3820C2261E4D46005D3258 /* pass_menubarTests.swift */,
				4A3820C4261E4D46005D3258 /* Info.plist */,
			);
			path = "pass-menubarTests";
			sourceTree = "<group>";
		};
		4AACCFCC260CBE0900A5F353 = {
			isa = PBXGroup;
			children = (
				4AACCFD7260CBE0900A5F353 /* pass-menubar */,
				4A3820C1261E4D46005D3258 /* pass-menubarTests */,
				4AACCFD6260CBE0900A5F353 /* Products */,
			);
			sourceTree = "<group>";
		};
		4AACCFD6260CBE0900A5F353 /* Products */ = {
			isa = PBXGroup;
			children = (
				4AACCFD5260CBE0900A5F353 /* pass-menubar.app */,
				4A3820C0261E4D46005D3258 /* pass-menubarTests.xctest */,
			);
			name = Products;
			sourceTree = "<group>";
		};
		4AACCFD7260CBE0900A5F353 /* pass-menubar */ = {
			isa = PBXGroup;
			children = (
				4A8C67FD265E1E38004857D7 /* Clipboard.swift */,
				4AD6E3D3265AF35700AFFFA7 /* Keychain.swift */,
				4AACCFED260CC1C100A5F353 /* Settings.swift */,
				4AACCFEA260CC01600A5F353 /* StatusBarController.swift */,
				4AACCFD8260CBE0900A5F353 /* pass_menubarApp.swift */,
				4AACCFDA260CBE0900A5F353 /* ContentView.swift */,
				4AACCFDC260CBE0A00A5F353 /* Assets.xcassets */,
				4AACCFE1260CBE0A00A5F353 /* Info.plist */,
				4AACCFE2260CBE0A00A5F353 /* pass_menubar.entitlements */,
				4AACCFDE260CBE0A00A5F353 /* Preview Content */,
				4A3820A5261B8C5D005D3258 /* Password.swift */,
				4A3820A8261B8E08005D3258 /* PasswordView.swift */,
				4AD54B0626241C5B00EF6068 /* ViewWindowController.swift */,
				4AD54B0A2624CEB000EF6068 /* DecryptPassphraseView.swift */,
				4A800B4E262C5B8600208336 /* Decrypt.swift */,
				4A8C67FF265F6E31004857D7 /* DecryptSuccessView.swift */,
				4A06362826660C6900FC52FC /* DecryptView.swift */,
			);
			path = "pass-menubar";
			sourceTree = "<group>";
		};
		4AACCFDE260CBE0A00A5F353 /* Preview Content */ = {
			isa = PBXGroup;
			children = (
				4AACCFDF260CBE0A00A5F353 /* Preview Assets.xcassets */,
			);
			path = "Preview Content";
			sourceTree = "<group>";
		};
/* End PBXGroup section */

/* Begin PBXNativeTarget section */
		4A3820BF261E4D46005D3258 /* pass-menubarTests */ = {
			isa = PBXNativeTarget;
			buildConfigurationList = 4A3820C9261E4D46005D3258 /* Build configuration list for PBXNativeTarget "pass-menubarTests" */;
			buildPhases = (
				4A3820BC261E4D46005D3258 /* Sources */,
				4A3820BD261E4D46005D3258 /* Frameworks */,
				4A3820BE261E4D46005D3258 /* Resources */,
			);
			buildRules = (
			);
			dependencies = (
				4A3820C6261E4D46005D3258 /* PBXTargetDependency */,
			);
			name = "pass-menubarTests";
			productName = "pass-menubarTests";
			productReference = 4A3820C0261E4D46005D3258 /* pass-menubarTests.xctest */;
			productType = "com.apple.product-type.bundle.unit-test";
		};
		4AACCFD4260CBE0900A5F353 /* pass-menubar */ = {
			isa = PBXNativeTarget;
			buildConfigurationList = 4AACCFE5260CBE0A00A5F353 /* Build configuration list for PBXNativeTarget "pass-menubar" */;
			buildPhases = (
				4AACCFD1260CBE0900A5F353 /* Sources */,
				4AACCFD2260CBE0900A5F353 /* Frameworks */,
				4AACCFD3260CBE0900A5F353 /* Resources */,
			);
			buildRules = (
			);
			dependencies = (
			);
			name = "pass-menubar";
			packageProductDependencies = (
				4AACCFF1260CC6DA00A5F353 /* Files */,
				4AACCFF5260CC70900A5F353 /* ObjectivePGP */,
				4AACCFF9260CC78D00A5F353 /* KeychainAccess */,
			);
			productName = "pass-menubar";
			productReference = 4AACCFD5260CBE0900A5F353 /* pass-menubar.app */;
			productType = "com.apple.product-type.application";
		};
/* End PBXNativeTarget section */

/* Begin PBXProject section */
		4AACCFCD260CBE0900A5F353 /* Project object */ = {
			isa = PBXProject;
			attributes = {
				LastSwiftUpdateCheck = 1240;
				LastUpgradeCheck = 1240;
				TargetAttributes = {
					4A3820BF261E4D46005D3258 = {
						CreatedOnToolsVersion = 12.4;
						TestTargetID = 4AACCFD4260CBE0900A5F353;
					};
					4AACCFD4260CBE0900A5F353 = {
						CreatedOnToolsVersion = 12.4;
					};
				};
			};
			buildConfigurationList = 4AACCFD0260CBE0900A5F353 /* Build configuration list for PBXProject "pass-menubar" */;
			compatibilityVersion = "Xcode 9.3";
			developmentRegion = en;
			hasScannedForEncodings = 0;
			knownRegions = (
				en,
				Base,
			);
			mainGroup = 4AACCFCC260CBE0900A5F353;
			packageReferences = (
				4AACCFF0260CC6DA00A5F353 /* XCRemoteSwiftPackageReference "Files" */,
				4AACCFF4260CC70900A5F353 /* XCRemoteSwiftPackageReference "ObjectivePGP" */,
				4AACCFF8260CC78D00A5F353 /* XCRemoteSwiftPackageReference "KeychainAccess" */,
			);
			productRefGroup = 4AACCFD6260CBE0900A5F353 /* Products */;
			projectDirPath = "";
			projectRoot = "";
			targets = (
				4AACCFD4260CBE0900A5F353 /* pass-menubar */,
				4A3820BF261E4D46005D3258 /* pass-menubarTests */,
			);
		};
/* End PBXProject section */

/* Begin PBXResourcesBuildPhase section */
		4A3820BE261E4D46005D3258 /* Resources */ = {
			isa = PBXResourcesBuildPhase;
			buildActionMask = 2147483647;
			files = (
				4A3820E926202F77005D3258 /* assets in Resources */,
			);
			runOnlyForDeploymentPostprocessing = 0;
		};
		4AACCFD3260CBE0900A5F353 /* Resources */ = {
			isa = PBXResourcesBuildPhase;
			buildActionMask = 2147483647;
			files = (
				4AACCFE0260CBE0A00A5F353 /* Preview Assets.xcassets in Resources */,
				4AACCFDD260CBE0A00A5F353 /* Assets.xcassets in Resources */,
			);
			runOnlyForDeploymentPostprocessing = 0;
		};
/* End PBXResourcesBuildPhase section */

/* Begin PBXSourcesBuildPhase section */
		4A3820BC261E4D46005D3258 /* Sources */ = {
			isa = PBXSourcesBuildPhase;
			buildActionMask = 2147483647;
			files = (
				4A3820C3261E4D46005D3258 /* pass_menubarTests.swift in Sources */,
			);
			runOnlyForDeploymentPostprocessing = 0;
		};
		4AACCFD1260CBE0900A5F353 /* Sources */ = {
			isa = PBXSourcesBuildPhase;
			buildActionMask = 2147483647;
			files = (
				4AACCFDB260CBE0900A5F353 /* ContentView.swift in Sources */,
				4A3820A9261B8E08005D3258 /* PasswordView.swift in Sources */,
				4AD54B0B2624CEB000EF6068 /* DecryptPassphraseView.swift in Sources */,
				4AACCFEB260CC01600A5F353 /* StatusBarController.swift in Sources */,
				4AACCFEE260CC1C100A5F353 /* Settings.swift in Sources */,
				4A8C67FE265E1E38004857D7 /* Clipboard.swift in Sources */,
				4A8C6800265F6E31004857D7 /* DecryptSuccessView.swift in Sources */,
				4A3820A6261B8C5D005D3258 /* Password.swift in Sources */,
				4A800B4F262C5B8600208336 /* Decrypt.swift in Sources */,
				4AD54B0726241C5B00EF6068 /* ViewWindowController.swift in Sources */,
				4AACCFD9260CBE0900A5F353 /* pass_menubarApp.swift in Sources */,
				4A06362926660C6900FC52FC /* DecryptView.swift in Sources */,
				4AD6E3D4265AF35700AFFFA7 /* Keychain.swift in Sources */,
			);
			runOnlyForDeploymentPostprocessing = 0;
		};
/* End PBXSourcesBuildPhase section */

/* Begin PBXTargetDependency section */
		4A3820C6261E4D46005D3258 /* PBXTargetDependency */ = {
			isa = PBXTargetDependency;
			target = 4AACCFD4260CBE0900A5F353 /* pass-menubar */;
			targetProxy = 4A3820C5261E4D46005D3258 /* PBXContainerItemProxy */;
		};
/* End PBXTargetDependency section */

/* Begin XCBuildConfiguration section */
		4A3820C7261E4D46005D3258 /* Debug */ = {
			isa = XCBuildConfiguration;
			buildSettings = {
				BUNDLE_LOADER = "$(TEST_HOST)";
				CODE_SIGN_STYLE = Automatic;
				COMBINE_HIDPI_IMAGES = YES;
				INFOPLIST_FILE = "pass-menubarTests/Info.plist";
				LD_RUNPATH_SEARCH_PATHS = (
					"$(inherited)",
					"@executable_path/../Frameworks",
					"@loader_path/../Frameworks",
				);
				PRODUCT_BUNDLE_IDENTIFIER = "com.philippeloctaux.pass-menubarTests";
				PRODUCT_NAME = "$(TARGET_NAME)";
				SWIFT_VERSION = 5.0;
				TEST_HOST = "$(BUILT_PRODUCTS_DIR)/pass-menubar.app/Contents/MacOS/pass-menubar";
			};
			name = Debug;
		};
		4A3820C8261E4D46005D3258 /* Release */ = {
			isa = XCBuildConfiguration;
			buildSettings = {
				BUNDLE_LOADER = "$(TEST_HOST)";
				CODE_SIGN_STYLE = Automatic;
				COMBINE_HIDPI_IMAGES = YES;
				INFOPLIST_FILE = "pass-menubarTests/Info.plist";
				LD_RUNPATH_SEARCH_PATHS = (
					"$(inherited)",
					"@executable_path/../Frameworks",
					"@loader_path/../Frameworks",
				);
				PRODUCT_BUNDLE_IDENTIFIER = "com.philippeloctaux.pass-menubarTests";
				PRODUCT_NAME = "$(TARGET_NAME)";
				SWIFT_VERSION = 5.0;
				TEST_HOST = "$(BUILT_PRODUCTS_DIR)/pass-menubar.app/Contents/MacOS/pass-menubar";
			};
			name = Release;
		};
		4AACCFE3260CBE0A00A5F353 /* Debug */ = {
			isa = XCBuildConfiguration;
			buildSettings = {
				ALWAYS_SEARCH_USER_PATHS = NO;
				CLANG_ANALYZER_NONNULL = YES;
				CLANG_ANALYZER_NUMBER_OBJECT_CONVERSION = YES_AGGRESSIVE;
				CLANG_CXX_LANGUAGE_STANDARD = "gnu++14";
				CLANG_CXX_LIBRARY = "libc++";
				CLANG_ENABLE_MODULES = YES;
				CLANG_ENABLE_OBJC_ARC = YES;
				CLANG_ENABLE_OBJC_WEAK = YES;
				CLANG_WARN_BLOCK_CAPTURE_AUTORELEASING = YES;
				CLANG_WARN_BOOL_CONVERSION = YES;
				CLANG_WARN_COMMA = YES;
				CLANG_WARN_CONSTANT_CONVERSION = YES;
				CLANG_WARN_DEPRECATED_OBJC_IMPLEMENTATIONS = YES;
				CLANG_WARN_DIRECT_OBJC_ISA_USAGE = YES_ERROR;
				CLANG_WARN_DOCUMENTATION_COMMENTS = YES;
				CLANG_WARN_EMPTY_BODY = YES;
				CLANG_WARN_ENUM_CONVERSION = YES;
				CLANG_WARN_INFINITE_RECURSION = YES;
				CLANG_WARN_INT_CONVERSION = YES;
				CLANG_WARN_NON_LITERAL_NULL_CONVERSION = YES;
				CLANG_WARN_OBJC_IMPLICIT_RETAIN_SELF = YES;
				CLANG_WARN_OBJC_LITERAL_CONVERSION = YES;
				CLANG_WARN_OBJC_ROOT_CLASS = YES_ERROR;
				CLANG_WARN_QUOTED_INCLUDE_IN_FRAMEWORK_HEADER = YES;
				CLANG_WARN_RANGE_LOOP_ANALYSIS = YES;
				CLANG_WARN_STRICT_PROTOTYPES = YES;
				CLANG_WARN_SUSPICIOUS_MOVE = YES;
				CLANG_WARN_UNGUARDED_AVAILABILITY = YES_AGGRESSIVE;
				CLANG_WARN_UNREACHABLE_CODE = YES;
				CLANG_WARN__DUPLICATE_METHOD_MATCH = YES;
				COPY_PHASE_STRIP = NO;
				DEBUG_INFORMATION_FORMAT = dwarf;
				ENABLE_STRICT_OBJC_MSGSEND = YES;
				ENABLE_TESTABILITY = YES;
				GCC_C_LANGUAGE_STANDARD = gnu11;
				GCC_DYNAMIC_NO_PIC = NO;
				GCC_NO_COMMON_BLOCKS = YES;
				GCC_OPTIMIZATION_LEVEL = 0;
				GCC_PREPROCESSOR_DEFINITIONS = (
					"DEBUG=1",
					"$(inherited)",
				);
				GCC_WARN_64_TO_32_BIT_CONVERSION = YES;
				GCC_WARN_ABOUT_RETURN_TYPE = YES_ERROR;
				GCC_WARN_UNDECLARED_SELECTOR = YES;
				GCC_WARN_UNINITIALIZED_AUTOS = YES_AGGRESSIVE;
				GCC_WARN_UNUSED_FUNCTION = YES;
				GCC_WARN_UNUSED_VARIABLE = YES;
				MACOSX_DEPLOYMENT_TARGET = 11.1;
				MTL_ENABLE_DEBUG_INFO = INCLUDE_SOURCE;
				MTL_FAST_MATH = YES;
				ONLY_ACTIVE_ARCH = YES;
				SDKROOT = macosx;
				SWIFT_ACTIVE_COMPILATION_CONDITIONS = DEBUG;
				SWIFT_OPTIMIZATION_LEVEL = "-Onone";
			};
			name = Debug;
		};
		4AACCFE4260CBE0A00A5F353 /* Release */ = {
			isa = XCBuildConfiguration;
			buildSettings = {
				ALWAYS_SEARCH_USER_PATHS = NO;
				CLANG_ANALYZER_NONNULL = YES;
				CLANG_ANALYZER_NUMBER_OBJECT_CONVERSION = YES_AGGRESSIVE;
				CLANG_CXX_LANGUAGE_STANDARD = "gnu++14";
				CLANG_CXX_LIBRARY = "libc++";
				CLANG_ENABLE_MODULES = YES;
				CLANG_ENABLE_OBJC_ARC = YES;
				CLANG_ENABLE_OBJC_WEAK = YES;
				CLANG_WARN_BLOCK_CAPTURE_AUTORELEASING = YES;
				CLANG_WARN_BOOL_CONVERSION = YES;
				CLANG_WARN_COMMA = YES;
				CLANG_WARN_CONSTANT_CONVERSION = YES;
				CLANG_WARN_DEPRECATED_OBJC_IMPLEMENTATIONS = YES;
				CLANG_WARN_DIRECT_OBJC_ISA_USAGE = YES_ERROR;
				CLANG_WARN_DOCUMENTATION_COMMENTS = YES;
				CLANG_WARN_EMPTY_BODY = YES;
				CLANG_WARN_ENUM_CONVERSION = YES;
				CLANG_WARN_INFINITE_RECURSION = YES;
				CLANG_WARN_INT_CONVERSION = YES;
				CLANG_WARN_NON_LITERAL_NULL_CONVERSION = YES;
				CLANG_WARN_OBJC_IMPLICIT_RETAIN_SELF = YES;
				CLANG_WARN_OBJC_LITERAL_CONVERSION = YES;
				CLANG_WARN_OBJC_ROOT_CLASS = YES_ERROR;
				CLANG_WARN_QUOTED_INCLUDE_IN_FRAMEWORK_HEADER = YES;
				CLANG_WARN_RANGE_LOOP_ANALYSIS = YES;
				CLANG_WARN_STRICT_PROTOTYPES = YES;
				CLANG_WARN_SUSPICIOUS_MOVE = YES;
				CLANG_WARN_UNGUARDED_AVAILABILITY = YES_AGGRESSIVE;
				CLANG_WARN_UNREACHABLE_CODE = YES;
				CLANG_WARN__DUPLICATE_METHOD_MATCH = YES;
				COPY_PHASE_STRIP = NO;
				DEBUG_INFORMATION_FORMAT = "dwarf-with-dsym";
				ENABLE_NS_ASSERTIONS = NO;
				ENABLE_STRICT_OBJC_MSGSEND = YES;
				GCC_C_LANGUAGE_STANDARD = gnu11;
				GCC_NO_COMMON_BLOCKS = YES;
				GCC_WARN_64_TO_32_BIT_CONVERSION = YES;
				GCC_WARN_ABOUT_RETURN_TYPE = YES_ERROR;
				GCC_WARN_UNDECLARED_SELECTOR = YES;
				GCC_WARN_UNINITIALIZED_AUTOS = YES_AGGRESSIVE;
				GCC_WARN_UNUSED_FUNCTION = YES;
				GCC_WARN_UNUSED_VARIABLE = YES;
				MACOSX_DEPLOYMENT_TARGET = 11.1;
				MTL_ENABLE_DEBUG_INFO = NO;
				MTL_FAST_MATH = YES;
				SDKROOT = macosx;
				SWIFT_COMPILATION_MODE = wholemodule;
				SWIFT_OPTIMIZATION_LEVEL = "-O";
			};
			name = Release;
		};
		4AACCFE6260CBE0A00A5F353 /* Debug */ = {
			isa = XCBuildConfiguration;
			buildSettings = {
				ASSETCATALOG_COMPILER_APPICON_NAME = AppIcon;
				ASSETCATALOG_COMPILER_GLOBAL_ACCENT_COLOR_NAME = AccentColor;
				CODE_SIGN_ENTITLEMENTS = "pass-menubar/pass_menubar.entitlements";
				CODE_SIGN_IDENTITY = "Apple Development";
				CODE_SIGN_STYLE = Automatic;
				COMBINE_HIDPI_IMAGES = YES;
				DEVELOPMENT_ASSET_PATHS = "\"pass-menubar/Preview Content\"";
				DEVELOPMENT_TEAM = TJF6968X7E;
				ENABLE_PREVIEWS = YES;
				INFOPLIST_FILE = "pass-menubar/Info.plist";
				LD_RUNPATH_SEARCH_PATHS = (
					"$(inherited)",
					"@executable_path/../Frameworks",
				);
				MACOSX_DEPLOYMENT_TARGET = 11.0;
				PRODUCT_BUNDLE_IDENTIFIER = "com.philippeloctaux.pass-menubar";
				PRODUCT_NAME = "$(TARGET_NAME)";
				SWIFT_VERSION = 5.0;
			};
			name = Debug;
		};
		4AACCFE7260CBE0A00A5F353 /* Release */ = {
			isa = XCBuildConfiguration;
			buildSettings = {
				ASSETCATALOG_COMPILER_APPICON_NAME = AppIcon;
				ASSETCATALOG_COMPILER_GLOBAL_ACCENT_COLOR_NAME = AccentColor;
				CODE_SIGN_ENTITLEMENTS = "pass-menubar/pass_menubar.entitlements";
				CODE_SIGN_IDENTITY = "Apple Development";
				CODE_SIGN_STYLE = Automatic;
				COMBINE_HIDPI_IMAGES = YES;
				DEVELOPMENT_ASSET_PATHS = "\"pass-menubar/Preview Content\"";
				DEVELOPMENT_TEAM = TJF6968X7E;
				ENABLE_PREVIEWS = YES;
				INFOPLIST_FILE = "pass-menubar/Info.plist";
				LD_RUNPATH_SEARCH_PATHS = (
					"$(inherited)",
					"@executable_path/../Frameworks",
				);
				MACOSX_DEPLOYMENT_TARGET = 11.0;
				PRODUCT_BUNDLE_IDENTIFIER = "com.philippeloctaux.pass-menubar";
				PRODUCT_NAME = "$(TARGET_NAME)";
				SWIFT_VERSION = 5.0;
			};
			name = Release;
		};
/* End XCBuildConfiguration section */

/* Begin XCConfigurationList section */
		4A3820C9261E4D46005D3258 /* Build configuration list for PBXNativeTarget "pass-menubarTests" */ = {
			isa = XCConfigurationList;
			buildConfigurations = (
				4A3820C7261E4D46005D3258 /* Debug */,
				4A3820C8261E4D46005D3258 /* Release */,
			);
			defaultConfigurationIsVisible = 0;
			defaultConfigurationName = Release;
		};
		4AACCFD0260CBE0900A5F353 /* Build configuration list for PBXProject "pass-menubar" */ = {
			isa = XCConfigurationList;
			buildConfigurations = (
				4AACCFE3260CBE0A00A5F353 /* Debug */,
				4AACCFE4260CBE0A00A5F353 /* Release */,
			);
			defaultConfigurationIsVisible = 0;
			defaultConfigurationName = Release;
		};
		4AACCFE5260CBE0A00A5F353 /* Build configuration list for PBXNativeTarget "pass-menubar" */ = {
			isa = XCConfigurationList;
			buildConfigurations = (
				4AACCFE6260CBE0A00A5F353 /* Debug */,
				4AACCFE7260CBE0A00A5F353 /* Release */,
			);
			defaultConfigurationIsVisible = 0;
			defaultConfigurationName = Release;
		};
/* End XCConfigurationList section */

/* Begin XCRemoteSwiftPackageReference section */
		4AACCFF0260CC6DA00A5F353 /* XCRemoteSwiftPackageReference "Files" */ = {
			isa = XCRemoteSwiftPackageReference;
			repositoryURL = "https://github.com/JohnSundell/Files";
			requirement = {
				kind = upToNextMajorVersion;
				minimumVersion = 4.2.0;
			};
		};
		4AACCFF4260CC70900A5F353 /* XCRemoteSwiftPackageReference "ObjectivePGP" */ = {
			isa = XCRemoteSwiftPackageReference;
			repositoryURL = "https://github.com/krzyzanowskim/ObjectivePGP";
			requirement = {
				kind = upToNextMajorVersion;
				minimumVersion = 0.17.0;
			};
		};
		4AACCFF8260CC78D00A5F353 /* XCRemoteSwiftPackageReference "KeychainAccess" */ = {
			isa = XCRemoteSwiftPackageReference;
			repositoryURL = "https://github.com/kishikawakatsumi/KeychainAccess";
			requirement = {
				kind = upToNextMajorVersion;
				minimumVersion = 4.2.2;
			};
		};
/* End XCRemoteSwiftPackageReference section */

/* Begin XCSwiftPackageProductDependency section */
		4AACCFF1260CC6DA00A5F353 /* Files */ = {
			isa = XCSwiftPackageProductDependency;
			package = 4AACCFF0260CC6DA00A5F353 /* XCRemoteSwiftPackageReference "Files" */;
			productName = Files;
		};
		4AACCFF5260CC70900A5F353 /* ObjectivePGP */ = {
			isa = XCSwiftPackageProductDependency;
			package = 4AACCFF4260CC70900A5F353 /* XCRemoteSwiftPackageReference "ObjectivePGP" */;
			productName = ObjectivePGP;
		};
		4AACCFF9260CC78D00A5F353 /* KeychainAccess */ = {
			isa = XCSwiftPackageProductDependency;
			package = 4AACCFF8260CC78D00A5F353 /* XCRemoteSwiftPackageReference "KeychainAccess" */;
			productName = KeychainAccess;
		};
/* End XCSwiftPackageProductDependency section */
	};
	rootObject = 4AACCFCD260CBE0900A5F353 /* Project object */;
}
